
Microsoft Visual Studio Solution File, Format Version 12.00
# Visual Studio Version 17
VisualStudioVersion = 17.8.34408.163
MinimumVisualStudioVersion = 10.0.40219.1
Project("{2150E333-8FDC-42A3-9474-1A3956D46DE8}") = "1. Sliding Window", "1. Sliding Window", "{945F6982-DAAE-4E7E-966D-A61E4B7A1223}"
EndProject
Project("{2150E333-8FDC-42A3-9474-1A3956D46DE8}") = "Patterns", "Patterns", "{A2EDC8AC-4B17-455A-BD86-F209029B1263}"
EndProject
Project("{2150E333-8FDC-42A3-9474-1A3956D46DE8}") = "NeetCode150", "NeetCode150", "{04A57D4A-2331-4245-AE6A-D0DEB2A57470}"
EndProject
Project("{2150E333-8FDC-42A3-9474-1A3956D46DE8}") = "Arrays & Hashing", "Arrays & Hashing", "{79ADC786-6CE8-429C-A452-49FD5E12D33D}"
EndProject
Project("{9A19103F-16F7-4668-BE54-9A1E7A4F7556}") = "217. Contains Duplicate", "217. Contains Duplicate\217. Contains Duplicate.csproj", "{5D5F01B7-7A04-4BA7-A9FB-9C0011B419A1}"
EndProject
Project("{9A19103F-16F7-4668-BE54-9A1E7A4F7556}") = "242. Valid Anagram", "242. Valid Anagram\242. Valid Anagram.csproj", "{00CD863C-61DF-48E1-9E1A-EDDD22BBE073}"
EndProject
Project("{9A19103F-16F7-4668-BE54-9A1E7A4F7556}") = "1. Two Sum", "1. Two Sum\1. Two Sum.csproj", "{F69B09F4-96BA-493F-B3FD-C873A239B0EA}"
EndProject
Project("{9A19103F-16F7-4668-BE54-9A1E7A4F7556}") = "49. Group Anagrams", "49. Group Anagrams\49. Group Anagrams.csproj", "{A62B5E6E-9890-4AC8-813F-3C45F81D3914}"
EndProject
Project("{2150E333-8FDC-42A3-9474-1A3956D46DE8}") = "Basics", "Basics", "{F602DA03-DEF0-4A52-BF69-FEA7BD5E7C7B}"
EndProject
Project("{9A19103F-16F7-4668-BE54-9A1E7A4F7556}") = "347. Top K Frequent Elements", "347. Top K Frequent Elements\347. Top K Frequent Elements.csproj", "{1D87C441-8530-4B73-856D-D9658D71C420}"
EndProject
Project("{9A19103F-16F7-4668-BE54-9A1E7A4F7556}") = "238. Product of Array Except Self", "238. Product of Array Except Self\238. Product of Array Except Self.csproj", "{86C2E006-F633-4B98-A2A6-D1C9F6F57E74}"
EndProject
Project("{2150E333-8FDC-42A3-9474-1A3956D46DE8}") = "THE LAST ALGORITHMS COURSE YOU'LL NEED", "THE LAST ALGORITHMS COURSE YOU'LL NEED", "{E0F1F560-AE6C-4D94-96F4-3FC8C43321DD}"
EndProject
Project("{9A19103F-16F7-4668-BE54-9A1E7A4F7556}") = "Binary Search", "Binary Search\Binary Search.csproj", "{989D6892-9BCA-4CF3-8023-1D0BCC00634E}"
EndProject
Project("{2150E333-8FDC-42A3-9474-1A3956D46DE8}") = "1. Search", "1. Search", "{FB269906-C2CC-4B74-BA98-AB25FB173B00}"
EndProject
Project("{9A19103F-16F7-4668-BE54-9A1E7A4F7556}") = "Two Crystal Balls Problem", "Two Crystal Balls Problem\Two Crystal Balls Problem.csproj", "{E494A2E4-5717-48A0-A969-1CCBD2F31B56}"
EndProject
Project("{2150E333-8FDC-42A3-9474-1A3956D46DE8}") = "2. Sort", "2. Sort", "{8B2B0391-2A37-4F88-A04E-1297E424954B}"
EndProject
Project("{9A19103F-16F7-4668-BE54-9A1E7A4F7556}") = "Bubble Sort", "Bubble Sort\Bubble Sort.csproj", "{2D8B5574-D531-4145-9454-6F0BE36B25E1}"
EndProject
Project("{2150E333-8FDC-42A3-9474-1A3956D46DE8}") = "3. Data Structures", "3. Data Structures", "{A95FA0C3-3385-425C-A778-FBD827004D31}"
EndProject
Project("{9A19103F-16F7-4668-BE54-9A1E7A4F7556}") = "Linked List", "Linked List\Linked List.csproj", "{A5431C71-53F9-45CA-8A36-5E7849411AB8}"
EndProject
Project("{2150E333-8FDC-42A3-9474-1A3956D46DE8}") = "4. Recursion", "4. Recursion", "{ABC7364D-1926-4C7F-8669-1C1D3F314215}"
EndProject
Project("{9A19103F-16F7-4668-BE54-9A1E7A4F7556}") = "MazeSolver", "MazeSolver\MazeSolver.csproj", "{1260B4F7-05B2-463A-AF84-8FE95F6D7A62}"
EndProject
Project("{9A19103F-16F7-4668-BE54-9A1E7A4F7556}") = "QuickSort", "QuickSort\QuickSort.csproj", "{684AA5E1-AF5A-4364-B775-4357902EF721}"
EndProject
Project("{9A19103F-16F7-4668-BE54-9A1E7A4F7556}") = "Doubly Linked List", "Doubly Linked List\Doubly Linked List.csproj", "{788B664B-E1B5-4913-9DCC-54D79F42C63D}"
EndProject
Project("{2150E333-8FDC-42A3-9474-1A3956D46DE8}") = "5. Trees", "5. Trees", "{4540504E-0442-4958-918D-26583A4ACD3B}"
EndProject
Project("{FAE04EC0-301F-11D3-BF4B-00C04F79EFBC}") = "Tree Traverse", "Tree Traverse\Tree Traverse.csproj", "{CD5DACC8-E194-4490-A4E0-9B19650B0F3B}"
EndProject
Project("{FAE04EC0-301F-11D3-BF4B-00C04F79EFBC}") = "Tree BFS", "Tree BFS\Tree BFS.csproj", "{95078E50-9727-47A1-80FC-9AAE25AAF93B}"
EndProject
Global
	GlobalSection(SolutionConfigurationPlatforms) = preSolution
		Debug|Any CPU = Debug|Any CPU
		Release|Any CPU = Release|Any CPU
	EndGlobalSection
	GlobalSection(ProjectConfigurationPlatforms) = postSolution
		{5D5F01B7-7A04-4BA7-A9FB-9C0011B419A1}.Debug|Any CPU.ActiveCfg = Debug|Any CPU
		{5D5F01B7-7A04-4BA7-A9FB-9C0011B419A1}.Debug|Any CPU.Build.0 = Debug|Any CPU
		{5D5F01B7-7A04-4BA7-A9FB-9C0011B419A1}.Release|Any CPU.ActiveCfg = Release|Any CPU
		{5D5F01B7-7A04-4BA7-A9FB-9C0011B419A1}.Release|Any CPU.Build.0 = Release|Any CPU
		{00CD863C-61DF-48E1-9E1A-EDDD22BBE073}.Debug|Any CPU.ActiveCfg = Debug|Any CPU
		{00CD863C-61DF-48E1-9E1A-EDDD22BBE073}.Debug|Any CPU.Build.0 = Debug|Any CPU
		{00CD863C-61DF-48E1-9E1A-EDDD22BBE073}.Release|Any CPU.ActiveCfg = Release|Any CPU
		{00CD863C-61DF-48E1-9E1A-EDDD22BBE073}.Release|Any CPU.Build.0 = Release|Any CPU
		{F69B09F4-96BA-493F-B3FD-C873A239B0EA}.Debug|Any CPU.ActiveCfg = Debug|Any CPU
		{F69B09F4-96BA-493F-B3FD-C873A239B0EA}.Debug|Any CPU.Build.0 = Debug|Any CPU
		{F69B09F4-96BA-493F-B3FD-C873A239B0EA}.Release|Any CPU.ActiveCfg = Release|Any CPU
		{F69B09F4-96BA-493F-B3FD-C873A239B0EA}.Release|Any CPU.Build.0 = Release|Any CPU
		{A62B5E6E-9890-4AC8-813F-3C45F81D3914}.Debug|Any CPU.ActiveCfg = Debug|Any CPU
		{A62B5E6E-9890-4AC8-813F-3C45F81D3914}.Debug|Any CPU.Build.0 = Debug|Any CPU
		{A62B5E6E-9890-4AC8-813F-3C45F81D3914}.Release|Any CPU.ActiveCfg = Release|Any CPU
		{A62B5E6E-9890-4AC8-813F-3C45F81D3914}.Release|Any CPU.Build.0 = Release|Any CPU
		{1D87C441-8530-4B73-856D-D9658D71C420}.Debug|Any CPU.ActiveCfg = Debug|Any CPU
		{1D87C441-8530-4B73-856D-D9658D71C420}.Debug|Any CPU.Build.0 = Debug|Any CPU
		{1D87C441-8530-4B73-856D-D9658D71C420}.Release|Any CPU.ActiveCfg = Release|Any CPU
		{1D87C441-8530-4B73-856D-D9658D71C420}.Release|Any CPU.Build.0 = Release|Any CPU
		{86C2E006-F633-4B98-A2A6-D1C9F6F57E74}.Debug|Any CPU.ActiveCfg = Debug|Any CPU
		{86C2E006-F633-4B98-A2A6-D1C9F6F57E74}.Debug|Any CPU.Build.0 = Debug|Any CPU
		{86C2E006-F633-4B98-A2A6-D1C9F6F57E74}.Release|Any CPU.ActiveCfg = Release|Any CPU
		{86C2E006-F633-4B98-A2A6-D1C9F6F57E74}.Release|Any CPU.Build.0 = Release|Any CPU
		{989D6892-9BCA-4CF3-8023-1D0BCC00634E}.Debug|Any CPU.ActiveCfg = Debug|Any CPU
		{989D6892-9BCA-4CF3-8023-1D0BCC00634E}.Debug|Any CPU.Build.0 = Debug|Any CPU
		{989D6892-9BCA-4CF3-8023-1D0BCC00634E}.Release|Any CPU.ActiveCfg = Release|Any CPU
		{989D6892-9BCA-4CF3-8023-1D0BCC00634E}.Release|Any CPU.Build.0 = Release|Any CPU
		{E494A2E4-5717-48A0-A969-1CCBD2F31B56}.Debug|Any CPU.ActiveCfg = Debug|Any CPU
		{E494A2E4-5717-48A0-A969-1CCBD2F31B56}.Debug|Any CPU.Build.0 = Debug|Any CPU
		{E494A2E4-5717-48A0-A969-1CCBD2F31B56}.Release|Any CPU.ActiveCfg = Release|Any CPU
		{E494A2E4-5717-48A0-A969-1CCBD2F31B56}.Release|Any CPU.Build.0 = Release|Any CPU
		{2D8B5574-D531-4145-9454-6F0BE36B25E1}.Debug|Any CPU.ActiveCfg = Debug|Any CPU
		{2D8B5574-D531-4145-9454-6F0BE36B25E1}.Debug|Any CPU.Build.0 = Debug|Any CPU
		{2D8B5574-D531-4145-9454-6F0BE36B25E1}.Release|Any CPU.ActiveCfg = Release|Any CPU
		{2D8B5574-D531-4145-9454-6F0BE36B25E1}.Release|Any CPU.Build.0 = Release|Any CPU
		{A5431C71-53F9-45CA-8A36-5E7849411AB8}.Debug|Any CPU.ActiveCfg = Debug|Any CPU
		{A5431C71-53F9-45CA-8A36-5E7849411AB8}.Debug|Any CPU.Build.0 = Debug|Any CPU
		{A5431C71-53F9-45CA-8A36-5E7849411AB8}.Release|Any CPU.ActiveCfg = Release|Any CPU
		{A5431C71-53F9-45CA-8A36-5E7849411AB8}.Release|Any CPU.Build.0 = Release|Any CPU
		{1260B4F7-05B2-463A-AF84-8FE95F6D7A62}.Debug|Any CPU.ActiveCfg = Debug|Any CPU
		{1260B4F7-05B2-463A-AF84-8FE95F6D7A62}.Debug|Any CPU.Build.0 = Debug|Any CPU
		{1260B4F7-05B2-463A-AF84-8FE95F6D7A62}.Release|Any CPU.ActiveCfg = Release|Any CPU
		{1260B4F7-05B2-463A-AF84-8FE95F6D7A62}.Release|Any CPU.Build.0 = Release|Any CPU
		{684AA5E1-AF5A-4364-B775-4357902EF721}.Debug|Any CPU.ActiveCfg = Debug|Any CPU
		{684AA5E1-AF5A-4364-B775-4357902EF721}.Debug|Any CPU.Build.0 = Debug|Any CPU
		{684AA5E1-AF5A-4364-B775-4357902EF721}.Release|Any CPU.ActiveCfg = Release|Any CPU
		{684AA5E1-AF5A-4364-B775-4357902EF721}.Release|Any CPU.Build.0 = Release|Any CPU
		{788B664B-E1B5-4913-9DCC-54D79F42C63D}.Debug|Any CPU.ActiveCfg = Debug|Any CPU
		{788B664B-E1B5-4913-9DCC-54D79F42C63D}.Debug|Any CPU.Build.0 = Debug|Any CPU
		{788B664B-E1B5-4913-9DCC-54D79F42C63D}.Release|Any CPU.ActiveCfg = Release|Any CPU
		{788B664B-E1B5-4913-9DCC-54D79F42C63D}.Release|Any CPU.Build.0 = Release|Any CPU
		{CD5DACC8-E194-4490-A4E0-9B19650B0F3B}.Debug|Any CPU.ActiveCfg = Debug|Any CPU
		{CD5DACC8-E194-4490-A4E0-9B19650B0F3B}.Debug|Any CPU.Build.0 = Debug|Any CPU
		{CD5DACC8-E194-4490-A4E0-9B19650B0F3B}.Release|Any CPU.ActiveCfg = Release|Any CPU
		{CD5DACC8-E194-4490-A4E0-9B19650B0F3B}.Release|Any CPU.Build.0 = Release|Any CPU
		{95078E50-9727-47A1-80FC-9AAE25AAF93B}.Debug|Any CPU.ActiveCfg = Debug|Any CPU
		{95078E50-9727-47A1-80FC-9AAE25AAF93B}.Debug|Any CPU.Build.0 = Debug|Any CPU
		{95078E50-9727-47A1-80FC-9AAE25AAF93B}.Release|Any CPU.ActiveCfg = Release|Any CPU
		{95078E50-9727-47A1-80FC-9AAE25AAF93B}.Release|Any CPU.Build.0 = Release|Any CPU
	EndGlobalSection
	GlobalSection(SolutionProperties) = preSolution
		HideSolutionNode = FALSE
	EndGlobalSection
	GlobalSection(NestedProjects) = preSolution
		{945F6982-DAAE-4E7E-966D-A61E4B7A1223} = {A2EDC8AC-4B17-455A-BD86-F209029B1263}
		{79ADC786-6CE8-429C-A452-49FD5E12D33D} = {04A57D4A-2331-4245-AE6A-D0DEB2A57470}
		{5D5F01B7-7A04-4BA7-A9FB-9C0011B419A1} = {79ADC786-6CE8-429C-A452-49FD5E12D33D}
		{00CD863C-61DF-48E1-9E1A-EDDD22BBE073} = {79ADC786-6CE8-429C-A452-49FD5E12D33D}
		{F69B09F4-96BA-493F-B3FD-C873A239B0EA} = {79ADC786-6CE8-429C-A452-49FD5E12D33D}
		{A62B5E6E-9890-4AC8-813F-3C45F81D3914} = {79ADC786-6CE8-429C-A452-49FD5E12D33D}
		{1D87C441-8530-4B73-856D-D9658D71C420} = {79ADC786-6CE8-429C-A452-49FD5E12D33D}
		{86C2E006-F633-4B98-A2A6-D1C9F6F57E74} = {79ADC786-6CE8-429C-A452-49FD5E12D33D}
		{989D6892-9BCA-4CF3-8023-1D0BCC00634E} = {FB269906-C2CC-4B74-BA98-AB25FB173B00}
		{FB269906-C2CC-4B74-BA98-AB25FB173B00} = {E0F1F560-AE6C-4D94-96F4-3FC8C43321DD}
		{E494A2E4-5717-48A0-A969-1CCBD2F31B56} = {FB269906-C2CC-4B74-BA98-AB25FB173B00}
		{8B2B0391-2A37-4F88-A04E-1297E424954B} = {E0F1F560-AE6C-4D94-96F4-3FC8C43321DD}
		{2D8B5574-D531-4145-9454-6F0BE36B25E1} = {8B2B0391-2A37-4F88-A04E-1297E424954B}
		{A95FA0C3-3385-425C-A778-FBD827004D31} = {E0F1F560-AE6C-4D94-96F4-3FC8C43321DD}
		{A5431C71-53F9-45CA-8A36-5E7849411AB8} = {A95FA0C3-3385-425C-A778-FBD827004D31}
		{ABC7364D-1926-4C7F-8669-1C1D3F314215} = {E0F1F560-AE6C-4D94-96F4-3FC8C43321DD}
		{1260B4F7-05B2-463A-AF84-8FE95F6D7A62} = {ABC7364D-1926-4C7F-8669-1C1D3F314215}
		{684AA5E1-AF5A-4364-B775-4357902EF721} = {ABC7364D-1926-4C7F-8669-1C1D3F314215}
		{788B664B-E1B5-4913-9DCC-54D79F42C63D} = {A95FA0C3-3385-425C-A778-FBD827004D31}
		{4540504E-0442-4958-918D-26583A4ACD3B} = {E0F1F560-AE6C-4D94-96F4-3FC8C43321DD}
		{CD5DACC8-E194-4490-A4E0-9B19650B0F3B} = {4540504E-0442-4958-918D-26583A4ACD3B}
		{95078E50-9727-47A1-80FC-9AAE25AAF93B} = {4540504E-0442-4958-918D-26583A4ACD3B}
	EndGlobalSection
	GlobalSection(ExtensibilityGlobals) = postSolution
		SolutionGuid = {F226D580-C1D8-4180-AB6A-15EBA43B1599}
	EndGlobalSection
EndGlobal
