
Microsoft Visual Studio Solution File, Format Version 12.00
# Visual Studio Version 17
VisualStudioVersion = 17.8.34408.163
MinimumVisualStudioVersion = 10.0.40219.1
Project("{2150E333-8FDC-42A3-9474-1A3956D46DE8}") = "1. Sliding Window", "1. Sliding Window", "{945F6982-DAAE-4E7E-966D-A61E4B7A1223}"
EndProject
Project("{2150E333-8FDC-42A3-9474-1A3956D46DE8}") = "Patterns", "Patterns", "{A2EDC8AC-4B17-455A-BD86-F209029B1263}"
EndProject
Project("{2150E333-8FDC-42A3-9474-1A3956D46DE8}") = "NeetCode150", "NeetCode150", "{04A57D4A-2331-4245-AE6A-D0DEB2A57470}"
EndProject
Project("{2150E333-8FDC-42A3-9474-1A3956D46DE8}") = "Arrays & Hashing", "Arrays & Hashing", "{79ADC786-6CE8-429C-A452-49FD5E12D33D}"
EndProject
Project("{9A19103F-16F7-4668-BE54-9A1E7A4F7556}") = "217. Contains Duplicate", "217. Contains Duplicate\217. Contains Duplicate.csproj", "{5D5F01B7-7A04-4BA7-A9FB-9C0011B419A1}"
EndProject
Project("{9A19103F-16F7-4668-BE54-9A1E7A4F7556}") = "242. Valid Anagram", "242. Valid Anagram\242. Valid Anagram.csproj", "{00CD863C-61DF-48E1-9E1A-EDDD22BBE073}"
EndProject
Project("{9A19103F-16F7-4668-BE54-9A1E7A4F7556}") = "1. Two Sum", "1. Two Sum\1. Two Sum.csproj", "{F69B09F4-96BA-493F-B3FD-C873A239B0EA}"
EndProject
Project("{9A19103F-16F7-4668-BE54-9A1E7A4F7556}") = "49. Group Anagrams", "49. Group Anagrams\49. Group Anagrams.csproj", "{A62B5E6E-9890-4AC8-813F-3C45F81D3914}"
EndProject
Project("{2150E333-8FDC-42A3-9474-1A3956D46DE8}") = "Basics", "Basics", "{F602DA03-DEF0-4A52-BF69-FEA7BD5E7C7B}"
EndProject
Project("{9A19103F-16F7-4668-BE54-9A1E7A4F7556}") = "347. Top K Frequent Elements", "347. Top K Frequent Elements\347. Top K Frequent Elements.csproj", "{1D87C441-8530-4B73-856D-D9658D71C420}"
EndProject
Project("{9A19103F-16F7-4668-BE54-9A1E7A4F7556}") = "238. Product of Array Except Self", "238. Product of Array Except Self\238. Product of Array Except Self.csproj", "{86C2E006-F633-4B98-A2A6-D1C9F6F57E74}"
EndProject
Project("{2150E333-8FDC-42A3-9474-1A3956D46DE8}") = "THE LAST ALGORITHMS COURSE YOU'LL NEED", "THE LAST ALGORITHMS COURSE YOU'LL NEED", "{E0F1F560-AE6C-4D94-96F4-3FC8C43321DD}"
EndProject
Project("{9A19103F-16F7-4668-BE54-9A1E7A4F7556}") = "Binary Search", "Binary Search\Binary Search.csproj", "{989D6892-9BCA-4CF3-8023-1D0BCC00634E}"
EndProject
Project("{2150E333-8FDC-42A3-9474-1A3956D46DE8}") = "1. Search", "1. Search", "{FB269906-C2CC-4B74-BA98-AB25FB173B00}"
EndProject
Project("{9A19103F-16F7-4668-BE54-9A1E7A4F7556}") = "Two Crystal Balls Problem", "Two Crystal Balls Problem\Two Crystal Balls Problem.csproj", "{E494A2E4-5717-48A0-A969-1CCBD2F31B56}"
EndProject
Project("{2150E333-8FDC-42A3-9474-1A3956D46DE8}") = "2. Sort", "2. Sort", "{8B2B0391-2A37-4F88-A04E-1297E424954B}"
EndProject
Project("{9A19103F-16F7-4668-BE54-9A1E7A4F7556}") = "Bubble Sort", "Bubble Sort\Bubble Sort.csproj", "{2D8B5574-D531-4145-9454-6F0BE36B25E1}"
EndProject
Project("{2150E333-8FDC-42A3-9474-1A3956D46DE8}") = "3. Data Structures", "3. Data Structures", "{A95FA0C3-3385-425C-A778-FBD827004D31}"
EndProject
Project("{9A19103F-16F7-4668-BE54-9A1E7A4F7556}") = "Linked List", "Linked List\Linked List.csproj", "{A5431C71-53F9-45CA-8A36-5E7849411AB8}"
EndProject
Project("{2150E333-8FDC-42A3-9474-1A3956D46DE8}") = "4. Recursion", "4. Recursion", "{ABC7364D-1926-4C7F-8669-1C1D3F314215}"
EndProject
Project("{9A19103F-16F7-4668-BE54-9A1E7A4F7556}") = "MazeSolver", "MazeSolver\MazeSolver.csproj", "{1260B4F7-05B2-463A-AF84-8FE95F6D7A62}"
EndProject
Project("{9A19103F-16F7-4668-BE54-9A1E7A4F7556}") = "QuickSort", "QuickSort\QuickSort.csproj", "{684AA5E1-AF5A-4364-B775-4357902EF721}"
EndProject
Project("{9A19103F-16F7-4668-BE54-9A1E7A4F7556}") = "Doubly Linked List", "Doubly Linked List\Doubly Linked List.csproj", "{788B664B-E1B5-4913-9DCC-54D79F42C63D}"
EndProject
Project("{2150E333-8FDC-42A3-9474-1A3956D46DE8}") = "5. Trees", "5. Trees", "{4540504E-0442-4958-918D-26583A4ACD3B}"
EndProject
Project("{9A19103F-16F7-4668-BE54-9A1E7A4F7556}") = "Tree Traverse", "Tree Traverse\Tree Traverse.csproj", "{CD5DACC8-E194-4490-A4E0-9B19650B0F3B}"
EndProject
Project("{9A19103F-16F7-4668-BE54-9A1E7A4F7556}") = "Tree BFS", "Tree BFS\Tree BFS.csproj", "{95078E50-9727-47A1-80FC-9AAE25AAF93B}"
EndProject
Project("{9A19103F-16F7-4668-BE54-9A1E7A4F7556}") = "Compare 2 Trees", "Compare 2 Trees\Compare 2 Trees.csproj", "{DC3E8EEE-D53B-4514-BFA9-ABAEDD04B3D4}"
EndProject
Project("{9A19103F-16F7-4668-BE54-9A1E7A4F7556}") = "Binary Search Tree", "Binary Search Tree\Binary Search Tree.csproj", "{1DDCD8BA-D3C5-49E4-A7AC-6B4BDEFC7A89}"
EndProject
Project("{2150E333-8FDC-42A3-9474-1A3956D46DE8}") = "6. Heap", "6. Heap", "{10DD0CD5-7850-45C9-8A7E-6AACB9D85856}"
EndProject
Project("{9A19103F-16F7-4668-BE54-9A1E7A4F7556}") = "Heap", "Heap\Heap.csproj", "{AE2F0E88-7050-4BC0-906D-49BE71BF7C54}"
EndProject
Project("{2150E333-8FDC-42A3-9474-1A3956D46DE8}") = "7. Graphs", "7. Graphs", "{7807B07A-96EA-40AE-BA3D-D464A4311FD1}"
EndProject
Project("{FAE04EC0-301F-11D3-BF4B-00C04F79EFBC}") = "Adjacency Matrix", "Adjacency Matrix\Adjacency Matrix.csproj", "{46CDE647-5068-4294-AA7A-86001431062B}"
EndProject
Project("{FAE04EC0-301F-11D3-BF4B-00C04F79EFBC}") = "Adjacency List", "Adjacency List\Adjacency List.csproj", "{766DCCF7-99AD-4996-B8C2-E5AC10AAD035}"
EndProject
Project("{2150E333-8FDC-42A3-9474-1A3956D46DE8}") = "AmazonInterview", "AmazonInterview", "{EC2E75A4-ED87-4397-B090-CDB6B03AD460}"
EndProject
Project("{FAE04EC0-301F-11D3-BF4B-00C04F79EFBC}") = "Question1", "Question1\Question1.csproj", "{70CF9970-A52D-4275-8437-3AB3615EA724}"
EndProject
Project("{FAE04EC0-301F-11D3-BF4B-00C04F79EFBC}") = "Dijkstra", "Dijkstra\Dijkstra.csproj", "{A62138E2-EF33-4A1C-BCB3-2DC0B3699AA8}"
EndProject
Project("{2150E333-8FDC-42A3-9474-1A3956D46DE8}") = "Graphs", "Graphs", "{AEFC9A49-6DCE-4A51-BA9D-77AED1B0210A}"
EndProject
Project("{FAE04EC0-301F-11D3-BF4B-00C04F79EFBC}") = "200. Number of Islands", "200. Number of Islands\200. Number of Islands.csproj", "{41410C5F-3D61-43F3-8D9A-E713336CFCE1}"
EndProject
Project("{2150E333-8FDC-42A3-9474-1A3956D46DE8}") = "Trees", "Trees", "{2904C1E8-5DD1-4341-A5BC-3A780BB6BFA1}"
EndProject
Project("{FAE04EC0-301F-11D3-BF4B-00C04F79EFBC}") = "100. Same Tree", "100. Same Tree\100. Same Tree.csproj", "{CACF1DF9-A482-4D58-8283-F5900EFA2817}"
EndProject
Project("{2150E333-8FDC-42A3-9474-1A3956D46DE8}") = "8. Maps & LRU", "8. Maps & LRU", "{3852401F-109F-487A-8ABD-AB6CE6711662}"
EndProject
Project("{FAE04EC0-301F-11D3-BF4B-00C04F79EFBC}") = "LRU", "LRU\LRU.csproj", "{EEA0E21C-3643-408F-8071-ACFDB4B5E55E}"
EndProject
Project("{2150E333-8FDC-42A3-9474-1A3956D46DE8}") = "Backtracking", "Backtracking", "{8D8D07C9-8FF3-48E0-91E7-5516AF9D9E73}"
EndProject
Project("{FAE04EC0-301F-11D3-BF4B-00C04F79EFBC}") = "39. Combination Sum", "39. Combination Sum\39. Combination Sum.csproj", "{37C194A3-B317-408D-B2FE-A0B343C3A142}"
EndProject
Project("{FAE04EC0-301F-11D3-BF4B-00C04F79EFBC}") = "40. Combination Sum II", "40. Combination Sum II\40. Combination Sum II.csproj", "{3D075173-C929-42B7-8695-26E48497B3C4}"
EndProject
Project("{FAE04EC0-301F-11D3-BF4B-00C04F79EFBC}") = "78. Subsets", "78. Subsets\78. Subsets.csproj", "{F8B80A58-566A-4F06-8D8F-BCF6DE40F78B}"
EndProject
Project("{2150E333-8FDC-42A3-9474-1A3956D46DE8}") = "Two Pointers", "Two Pointers", "{837821BB-5DA5-4FB8-B311-D2654699229B}"
EndProject
Project("{FAE04EC0-301F-11D3-BF4B-00C04F79EFBC}") = "11. Container With Most Water", "11. Container With Most Water\11. Container With Most Water.csproj", "{0FFEB40A-EAD8-41B5-8DCA-2CC141CAE20C}"
EndProject
Project("{2150E333-8FDC-42A3-9474-1A3956D46DE8}") = "Sliding Window", "Sliding Window", "{9B92E57C-9DCE-4663-A371-5770B2229C6F}"
EndProject
Project("{FAE04EC0-301F-11D3-BF4B-00C04F79EFBC}") = "121. Best Time to Buy and Sell Stock", "121. Best Time to Buy and Sell Stock\121. Best Time to Buy and Sell Stock.csproj", "{498B4003-4EAA-4D17-8B21-469618CC7B5D}"
EndProject
Project("{FAE04EC0-301F-11D3-BF4B-00C04F79EFBC}") = "286, Walls and Gates", "286, Walls and Gates\286, Walls and Gates.csproj", "{FE31E4E6-C22F-4681-BB2E-8E10A70DC579}"
EndProject
Global
	GlobalSection(SolutionConfigurationPlatforms) = preSolution
		Debug|Any CPU = Debug|Any CPU
		Release|Any CPU = Release|Any CPU
	EndGlobalSection
	GlobalSection(ProjectConfigurationPlatforms) = postSolution
		{5D5F01B7-7A04-4BA7-A9FB-9C0011B419A1}.Debug|Any CPU.ActiveCfg = Debug|Any CPU
		{5D5F01B7-7A04-4BA7-A9FB-9C0011B419A1}.Debug|Any CPU.Build.0 = Debug|Any CPU
		{5D5F01B7-7A04-4BA7-A9FB-9C0011B419A1}.Release|Any CPU.ActiveCfg = Release|Any CPU
		{5D5F01B7-7A04-4BA7-A9FB-9C0011B419A1}.Release|Any CPU.Build.0 = Release|Any CPU
		{00CD863C-61DF-48E1-9E1A-EDDD22BBE073}.Debug|Any CPU.ActiveCfg = Debug|Any CPU
		{00CD863C-61DF-48E1-9E1A-EDDD22BBE073}.Debug|Any CPU.Build.0 = Debug|Any CPU
		{00CD863C-61DF-48E1-9E1A-EDDD22BBE073}.Release|Any CPU.ActiveCfg = Release|Any CPU
		{00CD863C-61DF-48E1-9E1A-EDDD22BBE073}.Release|Any CPU.Build.0 = Release|Any CPU
		{F69B09F4-96BA-493F-B3FD-C873A239B0EA}.Debug|Any CPU.ActiveCfg = Debug|Any CPU
		{F69B09F4-96BA-493F-B3FD-C873A239B0EA}.Debug|Any CPU.Build.0 = Debug|Any CPU
		{F69B09F4-96BA-493F-B3FD-C873A239B0EA}.Release|Any CPU.ActiveCfg = Release|Any CPU
		{F69B09F4-96BA-493F-B3FD-C873A239B0EA}.Release|Any CPU.Build.0 = Release|Any CPU
		{A62B5E6E-9890-4AC8-813F-3C45F81D3914}.Debug|Any CPU.ActiveCfg = Debug|Any CPU
		{A62B5E6E-9890-4AC8-813F-3C45F81D3914}.Debug|Any CPU.Build.0 = Debug|Any CPU
		{A62B5E6E-9890-4AC8-813F-3C45F81D3914}.Release|Any CPU.ActiveCfg = Release|Any CPU
		{A62B5E6E-9890-4AC8-813F-3C45F81D3914}.Release|Any CPU.Build.0 = Release|Any CPU
		{1D87C441-8530-4B73-856D-D9658D71C420}.Debug|Any CPU.ActiveCfg = Debug|Any CPU
		{1D87C441-8530-4B73-856D-D9658D71C420}.Debug|Any CPU.Build.0 = Debug|Any CPU
		{1D87C441-8530-4B73-856D-D9658D71C420}.Release|Any CPU.ActiveCfg = Release|Any CPU
		{1D87C441-8530-4B73-856D-D9658D71C420}.Release|Any CPU.Build.0 = Release|Any CPU
		{86C2E006-F633-4B98-A2A6-D1C9F6F57E74}.Debug|Any CPU.ActiveCfg = Debug|Any CPU
		{86C2E006-F633-4B98-A2A6-D1C9F6F57E74}.Debug|Any CPU.Build.0 = Debug|Any CPU
		{86C2E006-F633-4B98-A2A6-D1C9F6F57E74}.Release|Any CPU.ActiveCfg = Release|Any CPU
		{86C2E006-F633-4B98-A2A6-D1C9F6F57E74}.Release|Any CPU.Build.0 = Release|Any CPU
		{989D6892-9BCA-4CF3-8023-1D0BCC00634E}.Debug|Any CPU.ActiveCfg = Debug|Any CPU
		{989D6892-9BCA-4CF3-8023-1D0BCC00634E}.Debug|Any CPU.Build.0 = Debug|Any CPU
		{989D6892-9BCA-4CF3-8023-1D0BCC00634E}.Release|Any CPU.ActiveCfg = Release|Any CPU
		{989D6892-9BCA-4CF3-8023-1D0BCC00634E}.Release|Any CPU.Build.0 = Release|Any CPU
		{E494A2E4-5717-48A0-A969-1CCBD2F31B56}.Debug|Any CPU.ActiveCfg = Debug|Any CPU
		{E494A2E4-5717-48A0-A969-1CCBD2F31B56}.Debug|Any CPU.Build.0 = Debug|Any CPU
		{E494A2E4-5717-48A0-A969-1CCBD2F31B56}.Release|Any CPU.ActiveCfg = Release|Any CPU
		{E494A2E4-5717-48A0-A969-1CCBD2F31B56}.Release|Any CPU.Build.0 = Release|Any CPU
		{2D8B5574-D531-4145-9454-6F0BE36B25E1}.Debug|Any CPU.ActiveCfg = Debug|Any CPU
		{2D8B5574-D531-4145-9454-6F0BE36B25E1}.Debug|Any CPU.Build.0 = Debug|Any CPU
		{2D8B5574-D531-4145-9454-6F0BE36B25E1}.Release|Any CPU.ActiveCfg = Release|Any CPU
		{2D8B5574-D531-4145-9454-6F0BE36B25E1}.Release|Any CPU.Build.0 = Release|Any CPU
		{A5431C71-53F9-45CA-8A36-5E7849411AB8}.Debug|Any CPU.ActiveCfg = Debug|Any CPU
		{A5431C71-53F9-45CA-8A36-5E7849411AB8}.Debug|Any CPU.Build.0 = Debug|Any CPU
		{A5431C71-53F9-45CA-8A36-5E7849411AB8}.Release|Any CPU.ActiveCfg = Release|Any CPU
		{A5431C71-53F9-45CA-8A36-5E7849411AB8}.Release|Any CPU.Build.0 = Release|Any CPU
		{1260B4F7-05B2-463A-AF84-8FE95F6D7A62}.Debug|Any CPU.ActiveCfg = Debug|Any CPU
		{1260B4F7-05B2-463A-AF84-8FE95F6D7A62}.Debug|Any CPU.Build.0 = Debug|Any CPU
		{1260B4F7-05B2-463A-AF84-8FE95F6D7A62}.Release|Any CPU.ActiveCfg = Release|Any CPU
		{1260B4F7-05B2-463A-AF84-8FE95F6D7A62}.Release|Any CPU.Build.0 = Release|Any CPU
		{684AA5E1-AF5A-4364-B775-4357902EF721}.Debug|Any CPU.ActiveCfg = Debug|Any CPU
		{684AA5E1-AF5A-4364-B775-4357902EF721}.Debug|Any CPU.Build.0 = Debug|Any CPU
		{684AA5E1-AF5A-4364-B775-4357902EF721}.Release|Any CPU.ActiveCfg = Release|Any CPU
		{684AA5E1-AF5A-4364-B775-4357902EF721}.Release|Any CPU.Build.0 = Release|Any CPU
		{788B664B-E1B5-4913-9DCC-54D79F42C63D}.Debug|Any CPU.ActiveCfg = Debug|Any CPU
		{788B664B-E1B5-4913-9DCC-54D79F42C63D}.Debug|Any CPU.Build.0 = Debug|Any CPU
		{788B664B-E1B5-4913-9DCC-54D79F42C63D}.Release|Any CPU.ActiveCfg = Release|Any CPU
		{788B664B-E1B5-4913-9DCC-54D79F42C63D}.Release|Any CPU.Build.0 = Release|Any CPU
		{CD5DACC8-E194-4490-A4E0-9B19650B0F3B}.Debug|Any CPU.ActiveCfg = Debug|Any CPU
		{CD5DACC8-E194-4490-A4E0-9B19650B0F3B}.Debug|Any CPU.Build.0 = Debug|Any CPU
		{CD5DACC8-E194-4490-A4E0-9B19650B0F3B}.Release|Any CPU.ActiveCfg = Release|Any CPU
		{CD5DACC8-E194-4490-A4E0-9B19650B0F3B}.Release|Any CPU.Build.0 = Release|Any CPU
		{95078E50-9727-47A1-80FC-9AAE25AAF93B}.Debug|Any CPU.ActiveCfg = Debug|Any CPU
		{95078E50-9727-47A1-80FC-9AAE25AAF93B}.Debug|Any CPU.Build.0 = Debug|Any CPU
		{95078E50-9727-47A1-80FC-9AAE25AAF93B}.Release|Any CPU.ActiveCfg = Release|Any CPU
		{95078E50-9727-47A1-80FC-9AAE25AAF93B}.Release|Any CPU.Build.0 = Release|Any CPU
		{DC3E8EEE-D53B-4514-BFA9-ABAEDD04B3D4}.Debug|Any CPU.ActiveCfg = Debug|Any CPU
		{DC3E8EEE-D53B-4514-BFA9-ABAEDD04B3D4}.Debug|Any CPU.Build.0 = Debug|Any CPU
		{DC3E8EEE-D53B-4514-BFA9-ABAEDD04B3D4}.Release|Any CPU.ActiveCfg = Release|Any CPU
		{DC3E8EEE-D53B-4514-BFA9-ABAEDD04B3D4}.Release|Any CPU.Build.0 = Release|Any CPU
		{1DDCD8BA-D3C5-49E4-A7AC-6B4BDEFC7A89}.Debug|Any CPU.ActiveCfg = Debug|Any CPU
		{1DDCD8BA-D3C5-49E4-A7AC-6B4BDEFC7A89}.Debug|Any CPU.Build.0 = Debug|Any CPU
		{1DDCD8BA-D3C5-49E4-A7AC-6B4BDEFC7A89}.Release|Any CPU.ActiveCfg = Release|Any CPU
		{1DDCD8BA-D3C5-49E4-A7AC-6B4BDEFC7A89}.Release|Any CPU.Build.0 = Release|Any CPU
		{AE2F0E88-7050-4BC0-906D-49BE71BF7C54}.Debug|Any CPU.ActiveCfg = Debug|Any CPU
		{AE2F0E88-7050-4BC0-906D-49BE71BF7C54}.Debug|Any CPU.Build.0 = Debug|Any CPU
		{AE2F0E88-7050-4BC0-906D-49BE71BF7C54}.Release|Any CPU.ActiveCfg = Release|Any CPU
		{AE2F0E88-7050-4BC0-906D-49BE71BF7C54}.Release|Any CPU.Build.0 = Release|Any CPU
		{46CDE647-5068-4294-AA7A-86001431062B}.Debug|Any CPU.ActiveCfg = Debug|Any CPU
		{46CDE647-5068-4294-AA7A-86001431062B}.Debug|Any CPU.Build.0 = Debug|Any CPU
		{46CDE647-5068-4294-AA7A-86001431062B}.Release|Any CPU.ActiveCfg = Release|Any CPU
		{46CDE647-5068-4294-AA7A-86001431062B}.Release|Any CPU.Build.0 = Release|Any CPU
		{766DCCF7-99AD-4996-B8C2-E5AC10AAD035}.Debug|Any CPU.ActiveCfg = Debug|Any CPU
		{766DCCF7-99AD-4996-B8C2-E5AC10AAD035}.Debug|Any CPU.Build.0 = Debug|Any CPU
		{766DCCF7-99AD-4996-B8C2-E5AC10AAD035}.Release|Any CPU.ActiveCfg = Release|Any CPU
		{766DCCF7-99AD-4996-B8C2-E5AC10AAD035}.Release|Any CPU.Build.0 = Release|Any CPU
		{70CF9970-A52D-4275-8437-3AB3615EA724}.Debug|Any CPU.ActiveCfg = Debug|Any CPU
		{70CF9970-A52D-4275-8437-3AB3615EA724}.Debug|Any CPU.Build.0 = Debug|Any CPU
		{70CF9970-A52D-4275-8437-3AB3615EA724}.Release|Any CPU.ActiveCfg = Release|Any CPU
		{70CF9970-A52D-4275-8437-3AB3615EA724}.Release|Any CPU.Build.0 = Release|Any CPU
		{A62138E2-EF33-4A1C-BCB3-2DC0B3699AA8}.Debug|Any CPU.ActiveCfg = Debug|Any CPU
		{A62138E2-EF33-4A1C-BCB3-2DC0B3699AA8}.Debug|Any CPU.Build.0 = Debug|Any CPU
		{A62138E2-EF33-4A1C-BCB3-2DC0B3699AA8}.Release|Any CPU.ActiveCfg = Release|Any CPU
		{A62138E2-EF33-4A1C-BCB3-2DC0B3699AA8}.Release|Any CPU.Build.0 = Release|Any CPU
		{41410C5F-3D61-43F3-8D9A-E713336CFCE1}.Debug|Any CPU.ActiveCfg = Debug|Any CPU
		{41410C5F-3D61-43F3-8D9A-E713336CFCE1}.Debug|Any CPU.Build.0 = Debug|Any CPU
		{41410C5F-3D61-43F3-8D9A-E713336CFCE1}.Release|Any CPU.ActiveCfg = Release|Any CPU
		{41410C5F-3D61-43F3-8D9A-E713336CFCE1}.Release|Any CPU.Build.0 = Release|Any CPU
		{CACF1DF9-A482-4D58-8283-F5900EFA2817}.Debug|Any CPU.ActiveCfg = Debug|Any CPU
		{CACF1DF9-A482-4D58-8283-F5900EFA2817}.Debug|Any CPU.Build.0 = Debug|Any CPU
		{CACF1DF9-A482-4D58-8283-F5900EFA2817}.Release|Any CPU.ActiveCfg = Release|Any CPU
		{CACF1DF9-A482-4D58-8283-F5900EFA2817}.Release|Any CPU.Build.0 = Release|Any CPU
		{EEA0E21C-3643-408F-8071-ACFDB4B5E55E}.Debug|Any CPU.ActiveCfg = Debug|Any CPU
		{EEA0E21C-3643-408F-8071-ACFDB4B5E55E}.Debug|Any CPU.Build.0 = Debug|Any CPU
		{EEA0E21C-3643-408F-8071-ACFDB4B5E55E}.Release|Any CPU.ActiveCfg = Release|Any CPU
		{EEA0E21C-3643-408F-8071-ACFDB4B5E55E}.Release|Any CPU.Build.0 = Release|Any CPU
		{37C194A3-B317-408D-B2FE-A0B343C3A142}.Debug|Any CPU.ActiveCfg = Debug|Any CPU
		{37C194A3-B317-408D-B2FE-A0B343C3A142}.Debug|Any CPU.Build.0 = Debug|Any CPU
		{37C194A3-B317-408D-B2FE-A0B343C3A142}.Release|Any CPU.ActiveCfg = Release|Any CPU
		{37C194A3-B317-408D-B2FE-A0B343C3A142}.Release|Any CPU.Build.0 = Release|Any CPU
		{3D075173-C929-42B7-8695-26E48497B3C4}.Debug|Any CPU.ActiveCfg = Debug|Any CPU
		{3D075173-C929-42B7-8695-26E48497B3C4}.Debug|Any CPU.Build.0 = Debug|Any CPU
		{3D075173-C929-42B7-8695-26E48497B3C4}.Release|Any CPU.ActiveCfg = Release|Any CPU
		{3D075173-C929-42B7-8695-26E48497B3C4}.Release|Any CPU.Build.0 = Release|Any CPU
		{F8B80A58-566A-4F06-8D8F-BCF6DE40F78B}.Debug|Any CPU.ActiveCfg = Debug|Any CPU
		{F8B80A58-566A-4F06-8D8F-BCF6DE40F78B}.Debug|Any CPU.Build.0 = Debug|Any CPU
		{F8B80A58-566A-4F06-8D8F-BCF6DE40F78B}.Release|Any CPU.ActiveCfg = Release|Any CPU
		{F8B80A58-566A-4F06-8D8F-BCF6DE40F78B}.Release|Any CPU.Build.0 = Release|Any CPU
		{0FFEB40A-EAD8-41B5-8DCA-2CC141CAE20C}.Debug|Any CPU.ActiveCfg = Debug|Any CPU
		{0FFEB40A-EAD8-41B5-8DCA-2CC141CAE20C}.Debug|Any CPU.Build.0 = Debug|Any CPU
		{0FFEB40A-EAD8-41B5-8DCA-2CC141CAE20C}.Release|Any CPU.ActiveCfg = Release|Any CPU
		{0FFEB40A-EAD8-41B5-8DCA-2CC141CAE20C}.Release|Any CPU.Build.0 = Release|Any CPU
		{498B4003-4EAA-4D17-8B21-469618CC7B5D}.Debug|Any CPU.ActiveCfg = Debug|Any CPU
		{498B4003-4EAA-4D17-8B21-469618CC7B5D}.Debug|Any CPU.Build.0 = Debug|Any CPU
		{498B4003-4EAA-4D17-8B21-469618CC7B5D}.Release|Any CPU.ActiveCfg = Release|Any CPU
		{498B4003-4EAA-4D17-8B21-469618CC7B5D}.Release|Any CPU.Build.0 = Release|Any CPU
		{FE31E4E6-C22F-4681-BB2E-8E10A70DC579}.Debug|Any CPU.ActiveCfg = Debug|Any CPU
		{FE31E4E6-C22F-4681-BB2E-8E10A70DC579}.Debug|Any CPU.Build.0 = Debug|Any CPU
		{FE31E4E6-C22F-4681-BB2E-8E10A70DC579}.Release|Any CPU.ActiveCfg = Release|Any CPU
		{FE31E4E6-C22F-4681-BB2E-8E10A70DC579}.Release|Any CPU.Build.0 = Release|Any CPU
	EndGlobalSection
	GlobalSection(SolutionProperties) = preSolution
		HideSolutionNode = FALSE
	EndGlobalSection
	GlobalSection(NestedProjects) = preSolution
		{945F6982-DAAE-4E7E-966D-A61E4B7A1223} = {A2EDC8AC-4B17-455A-BD86-F209029B1263}
		{79ADC786-6CE8-429C-A452-49FD5E12D33D} = {04A57D4A-2331-4245-AE6A-D0DEB2A57470}
		{5D5F01B7-7A04-4BA7-A9FB-9C0011B419A1} = {79ADC786-6CE8-429C-A452-49FD5E12D33D}
		{00CD863C-61DF-48E1-9E1A-EDDD22BBE073} = {79ADC786-6CE8-429C-A452-49FD5E12D33D}
		{F69B09F4-96BA-493F-B3FD-C873A239B0EA} = {79ADC786-6CE8-429C-A452-49FD5E12D33D}
		{A62B5E6E-9890-4AC8-813F-3C45F81D3914} = {79ADC786-6CE8-429C-A452-49FD5E12D33D}
		{1D87C441-8530-4B73-856D-D9658D71C420} = {79ADC786-6CE8-429C-A452-49FD5E12D33D}
		{86C2E006-F633-4B98-A2A6-D1C9F6F57E74} = {79ADC786-6CE8-429C-A452-49FD5E12D33D}
		{989D6892-9BCA-4CF3-8023-1D0BCC00634E} = {FB269906-C2CC-4B74-BA98-AB25FB173B00}
		{FB269906-C2CC-4B74-BA98-AB25FB173B00} = {E0F1F560-AE6C-4D94-96F4-3FC8C43321DD}
		{E494A2E4-5717-48A0-A969-1CCBD2F31B56} = {FB269906-C2CC-4B74-BA98-AB25FB173B00}
		{8B2B0391-2A37-4F88-A04E-1297E424954B} = {E0F1F560-AE6C-4D94-96F4-3FC8C43321DD}
		{2D8B5574-D531-4145-9454-6F0BE36B25E1} = {8B2B0391-2A37-4F88-A04E-1297E424954B}
		{A95FA0C3-3385-425C-A778-FBD827004D31} = {E0F1F560-AE6C-4D94-96F4-3FC8C43321DD}
		{A5431C71-53F9-45CA-8A36-5E7849411AB8} = {A95FA0C3-3385-425C-A778-FBD827004D31}
		{ABC7364D-1926-4C7F-8669-1C1D3F314215} = {E0F1F560-AE6C-4D94-96F4-3FC8C43321DD}
		{1260B4F7-05B2-463A-AF84-8FE95F6D7A62} = {ABC7364D-1926-4C7F-8669-1C1D3F314215}
		{684AA5E1-AF5A-4364-B775-4357902EF721} = {ABC7364D-1926-4C7F-8669-1C1D3F314215}
		{788B664B-E1B5-4913-9DCC-54D79F42C63D} = {A95FA0C3-3385-425C-A778-FBD827004D31}
		{4540504E-0442-4958-918D-26583A4ACD3B} = {E0F1F560-AE6C-4D94-96F4-3FC8C43321DD}
		{CD5DACC8-E194-4490-A4E0-9B19650B0F3B} = {4540504E-0442-4958-918D-26583A4ACD3B}
		{95078E50-9727-47A1-80FC-9AAE25AAF93B} = {4540504E-0442-4958-918D-26583A4ACD3B}
		{DC3E8EEE-D53B-4514-BFA9-ABAEDD04B3D4} = {4540504E-0442-4958-918D-26583A4ACD3B}
		{1DDCD8BA-D3C5-49E4-A7AC-6B4BDEFC7A89} = {4540504E-0442-4958-918D-26583A4ACD3B}
		{10DD0CD5-7850-45C9-8A7E-6AACB9D85856} = {E0F1F560-AE6C-4D94-96F4-3FC8C43321DD}
		{AE2F0E88-7050-4BC0-906D-49BE71BF7C54} = {10DD0CD5-7850-45C9-8A7E-6AACB9D85856}
		{7807B07A-96EA-40AE-BA3D-D464A4311FD1} = {E0F1F560-AE6C-4D94-96F4-3FC8C43321DD}
		{46CDE647-5068-4294-AA7A-86001431062B} = {7807B07A-96EA-40AE-BA3D-D464A4311FD1}
		{766DCCF7-99AD-4996-B8C2-E5AC10AAD035} = {7807B07A-96EA-40AE-BA3D-D464A4311FD1}
		{70CF9970-A52D-4275-8437-3AB3615EA724} = {EC2E75A4-ED87-4397-B090-CDB6B03AD460}
		{A62138E2-EF33-4A1C-BCB3-2DC0B3699AA8} = {7807B07A-96EA-40AE-BA3D-D464A4311FD1}
		{AEFC9A49-6DCE-4A51-BA9D-77AED1B0210A} = {04A57D4A-2331-4245-AE6A-D0DEB2A57470}
		{41410C5F-3D61-43F3-8D9A-E713336CFCE1} = {AEFC9A49-6DCE-4A51-BA9D-77AED1B0210A}
		{2904C1E8-5DD1-4341-A5BC-3A780BB6BFA1} = {04A57D4A-2331-4245-AE6A-D0DEB2A57470}
		{CACF1DF9-A482-4D58-8283-F5900EFA2817} = {2904C1E8-5DD1-4341-A5BC-3A780BB6BFA1}
		{3852401F-109F-487A-8ABD-AB6CE6711662} = {E0F1F560-AE6C-4D94-96F4-3FC8C43321DD}
		{EEA0E21C-3643-408F-8071-ACFDB4B5E55E} = {3852401F-109F-487A-8ABD-AB6CE6711662}
		{8D8D07C9-8FF3-48E0-91E7-5516AF9D9E73} = {04A57D4A-2331-4245-AE6A-D0DEB2A57470}
		{37C194A3-B317-408D-B2FE-A0B343C3A142} = {8D8D07C9-8FF3-48E0-91E7-5516AF9D9E73}
		{3D075173-C929-42B7-8695-26E48497B3C4} = {8D8D07C9-8FF3-48E0-91E7-5516AF9D9E73}
		{F8B80A58-566A-4F06-8D8F-BCF6DE40F78B} = {8D8D07C9-8FF3-48E0-91E7-5516AF9D9E73}
		{837821BB-5DA5-4FB8-B311-D2654699229B} = {04A57D4A-2331-4245-AE6A-D0DEB2A57470}
		{0FFEB40A-EAD8-41B5-8DCA-2CC141CAE20C} = {837821BB-5DA5-4FB8-B311-D2654699229B}
		{9B92E57C-9DCE-4663-A371-5770B2229C6F} = {04A57D4A-2331-4245-AE6A-D0DEB2A57470}
		{498B4003-4EAA-4D17-8B21-469618CC7B5D} = {9B92E57C-9DCE-4663-A371-5770B2229C6F}
		{FE31E4E6-C22F-4681-BB2E-8E10A70DC579} = {AEFC9A49-6DCE-4A51-BA9D-77AED1B0210A}
	EndGlobalSection
	GlobalSection(ExtensibilityGlobals) = postSolution
		SolutionGuid = {F226D580-C1D8-4180-AB6A-15EBA43B1599}
	EndGlobalSection
EndGlobal
